
Microsoft Visual Studio Solution File, Format Version 12.00
# Visual Studio Version 17
VisualStudioVersion = 17.14.36401.2
MinimumVisualStudioVersion = 10.0.40219.1
Project("{FAE04EC0-301F-11D3-BF4B-00C04F79EFBC}") = "Project_33_1", "Project_33_1\Project_33_1.csproj", "{8C2773C5-D8F6-3F98-9581-441CC4575928}"
EndProject
Project("{FAE04EC0-301F-11D3-BF4B-00C04F79EFBC}") = "Project_33_2", "Project_33_2\Project_33_2.csproj", "{2343EED5-7A66-7CCF-E7AB-7F6264FB9479}"
EndProject
Project("{FAE04EC0-301F-11D3-BF4B-00C04F79EFBC}") = "Project_34_1", "Project_34_1\Project_34_1.csproj", "{3DE96CD8-1945-FDEB-A19A-C011B6146BD6}"
EndProject
Project("{FAE04EC0-301F-11D3-BF4B-00C04F79EFBC}") = "Project_34_2", "Project_34_2\Project_34_2.csproj", "{83921FD6-D4EF-51AB-1CD0-F1A62D464C36}"
EndProject
Project("{FAE04EC0-301F-11D3-BF4B-00C04F79EFBC}") = "Project_34_3", "Project_34_3\Project_34_3.csproj", "{DFFC380A-F014-C6B5-680B-8C54BBDBEA3A}"
EndProject
Project("{FAE04EC0-301F-11D3-BF4B-00C04F79EFBC}") = "Project_34_4", "Project_34_4\Project_34_4.csproj", "{80BB1195-B74E-04D5-56EF-1EE9CD09A5A6}"
EndProject
Project("{FAE04EC0-301F-11D3-BF4B-00C04F79EFBC}") = "Project_34_5", "Project_34_5\Project_34_5.csproj", "{CAD806DB-4E83-82E3-EB07-088CC039EB52}"
EndProject
Project("{FAE04EC0-301F-11D3-BF4B-00C04F79EFBC}") = "Project_34_6", "Project_34_6\Project_34_6.csproj", "{3B6B1A95-9295-7EC0-554C-122B302BA61C}"
EndProject
Project("{FAE04EC0-301F-11D3-BF4B-00C04F79EFBC}") = "Project_34_7", "Project_34_7\Project_34_7.csproj", "{CDEB77F3-B9FF-DC60-FF91-CBFD177766BD}"
EndProject
Project("{FAE04EC0-301F-11D3-BF4B-00C04F79EFBC}") = "Project_35_1", "Project_35_1\Project_35_1.csproj", "{AF3B8E6C-F11E-FC0C-587D-C30D15DAFA43}"
EndProject
Project("{FAE04EC0-301F-11D3-BF4B-00C04F79EFBC}") = "Project_36_1", "Project_36_1\Project_36_1.csproj", "{93D90386-FA9B-AFD5-B470-C57104F0F332}"
EndProject
Project("{FAE04EC0-301F-11D3-BF4B-00C04F79EFBC}") = "Project_36_2", "Project_36_2\Project_36_2.csproj", "{51B96885-6DA4-2A1A-28E0-E2FDDA8F19AF}"
EndProject
Project("{FAE04EC0-301F-11D3-BF4B-00C04F79EFBC}") = "Project_36_3", "Project_36_3\Project_36_3.csproj", "{C135D609-F003-C919-AD07-BB7DCA5FEF5F}"
EndProject
Project("{FAE04EC0-301F-11D3-BF4B-00C04F79EFBC}") = "Project_36_4", "Project_36_4\Project_36_4.csproj", "{B440343A-B58D-8C45-F13D-16A996592B19}"
EndProject
Project("{FAE04EC0-301F-11D3-BF4B-00C04F79EFBC}") = "Project_37_1", "Project_37_1\Project_37_1.csproj", "{FADC5FCF-7DFC-77DE-6AD3-67F104B0FDAE}"
EndProject
Project("{FAE04EC0-301F-11D3-BF4B-00C04F79EFBC}") = "Project_37_2", "Project_37_2\Project_37_2.csproj", "{86ACFED5-A52F-E089-7A47-5DCD0EEDF7F5}"
EndProject
Project("{FAE04EC0-301F-11D3-BF4B-00C04F79EFBC}") = "Project_37_3", "Project_37_3\Project_37_3.csproj", "{D04AB5A4-868C-78F8-B765-78E3DB94A247}"
EndProject
Project("{FAE04EC0-301F-11D3-BF4B-00C04F79EFBC}") = "Project_37_4", "Project_37_4\Project_37_4.csproj", "{99A147A3-91A6-4386-6C8B-1C3FBA372683}"
EndProject
Project("{FAE04EC0-301F-11D3-BF4B-00C04F79EFBC}") = "Project_38_1", "Project_38_1\Project_38_1.csproj", "{176D7FEB-D567-1838-6403-78265F368F51}"
EndProject
Project("{FAE04EC0-301F-11D3-BF4B-00C04F79EFBC}") = "Project_39_1", "Project_39_1\Project_39_1.csproj", "{0376D0F1-F783-EB44-3F09-49A58437E3DA}"
EndProject
Project("{FAE04EC0-301F-11D3-BF4B-00C04F79EFBC}") = "Project_39_2", "Project_39_2\Project_39_2.csproj", "{4795D622-6AC5-F291-3489-5FC38CBF764D}"
EndProject
Project("{FAE04EC0-301F-11D3-BF4B-00C04F79EFBC}") = "Project_40_1", "Project_40_1\Project_40_1.csproj", "{5EFB8174-7A6E-A717-1BC9-EA2F50B3E920}"
EndProject
Project("{FAE04EC0-301F-11D3-BF4B-00C04F79EFBC}") = "Project_40_2", "Project_40_2\Project_40_2.csproj", "{06C485AC-DF27-1483-AF72-1DBCE7F45A13}"
EndProject
Project("{FAE04EC0-301F-11D3-BF4B-00C04F79EFBC}") = "Project_40_3", "Project_40_3\Project_40_3.csproj", "{A3362BAC-8F8E-7A1A-8C11-6763A8A66A4F}"
EndProject
Project("{FAE04EC0-301F-11D3-BF4B-00C04F79EFBC}") = "Project_41_1", "Project_41_1\Project_41_1.csproj", "{705EEB3F-BCCE-C5EF-88D8-C879CABACF95}"
EndProject
Project("{FAE04EC0-301F-11D3-BF4B-00C04F79EFBC}") = "Project_41_2", "Project_41_2\Project_41_2.csproj", "{8DC721E8-4092-6712-F833-693DDBE9678C}"
EndProject
Project("{FAE04EC0-301F-11D3-BF4B-00C04F79EFBC}") = "Project_41_3", "Project_41_3\Project_41_3.csproj", "{3F3C478D-1FEC-370A-32C3-979DC1023028}"
EndProject
Project("{FAE04EC0-301F-11D3-BF4B-00C04F79EFBC}") = "Project_42_1", "Project_42_1\Project_42_1.csproj", "{A779EEC5-3437-3235-5E7B-B20D80F1169B}"
EndProject
Project("{FAE04EC0-301F-11D3-BF4B-00C04F79EFBC}") = "Project_42_2", "Project_42_2\Project_42_2.csproj", "{6628AC82-D46E-7ABA-6D45-23B8AD045ADF}"
EndProject
Project("{FAE04EC0-301F-11D3-BF4B-00C04F79EFBC}") = "Project_42_3", "Project_42_3\Project_42_3.csproj", "{C436AE45-AFCF-5A37-A0A4-7A00B6910204}"
EndProject
Project("{FAE04EC0-301F-11D3-BF4B-00C04F79EFBC}") = "Project_42_4", "Project_42_4\Project_42_4.csproj", "{4C4B75AD-8B78-48E5-4493-5AC1FF29E261}"
EndProject
Project("{FAE04EC0-301F-11D3-BF4B-00C04F79EFBC}") = "Project_43_1", "Project_43_1\Project_43_1.csproj", "{C4C6C0BA-9CB6-CDC2-D7F7-C81DBFE974E3}"
EndProject
Project("{FAE04EC0-301F-11D3-BF4B-00C04F79EFBC}") = "Project_43_2", "Project_43_2\Project_43_2.csproj", "{E923308B-CB41-0210-C113-F41EB6AB89F8}"
EndProject
Project("{FAE04EC0-301F-11D3-BF4B-00C04F79EFBC}") = "Project_43_3", "Project_43_3\Project_43_3.csproj", "{9B227E66-2035-600D-EB10-2070091B8AC1}"
EndProject
Project("{FAE04EC0-301F-11D3-BF4B-00C04F79EFBC}") = "Project_43_4", "Project_43_4\Project_43_4.csproj", "{45B87E3B-E6DB-91E7-8400-8284B366B437}"
EndProject
Project("{FAE04EC0-301F-11D3-BF4B-00C04F79EFBC}") = "Project_43_5", "Project_43_5\Project_43_5.csproj", "{6DE0092A-2389-9C04-4B93-E93C33F268FA}"
EndProject
Project("{FAE04EC0-301F-11D3-BF4B-00C04F79EFBC}") = "Project_43_6", "Project_43_6\Project_43_6.csproj", "{68C787B3-3DDA-33AE-7504-711F39C5F279}"
EndProject
Project("{FAE04EC0-301F-11D3-BF4B-00C04F79EFBC}") = "Project_44_1", "Project_44_1\Project_44_1.csproj", "{B8C54AA9-4342-F81C-240F-D84FA0C5D5EB}"
EndProject
Project("{FAE04EC0-301F-11D3-BF4B-00C04F79EFBC}") = "Project_44_2", "Project_44_2\Project_44_2.csproj", "{DA3E2A1A-8197-7F53-3AC6-77D4EAA5ED93}"
EndProject
Project("{FAE04EC0-301F-11D3-BF4B-00C04F79EFBC}") = "Project_45_1", "Project_45_1\Project_45_1.csproj", "{D20FB42B-8C2A-1B55-8C3B-E76541C5E01D}"
EndProject
Project("{FAE04EC0-301F-11D3-BF4B-00C04F79EFBC}") = "Project_45_2", "Project_45_2\Project_45_2.csproj", "{C88E7E0E-F101-FCC8-FFFF-C7B3170B440D}"
EndProject
Global
	GlobalSection(SolutionConfigurationPlatforms) = preSolution
		Debug|Any CPU = Debug|Any CPU
		Release|Any CPU = Release|Any CPU
	EndGlobalSection
	GlobalSection(ProjectConfigurationPlatforms) = postSolution
		{8C2773C5-D8F6-3F98-9581-441CC4575928}.Debug|Any CPU.ActiveCfg = Debug|Any CPU
		{8C2773C5-D8F6-3F98-9581-441CC4575928}.Debug|Any CPU.Build.0 = Debug|Any CPU
		{8C2773C5-D8F6-3F98-9581-441CC4575928}.Release|Any CPU.ActiveCfg = Release|Any CPU
		{8C2773C5-D8F6-3F98-9581-441CC4575928}.Release|Any CPU.Build.0 = Release|Any CPU
		{2343EED5-7A66-7CCF-E7AB-7F6264FB9479}.Debug|Any CPU.ActiveCfg = Debug|Any CPU
		{2343EED5-7A66-7CCF-E7AB-7F6264FB9479}.Debug|Any CPU.Build.0 = Debug|Any CPU
		{2343EED5-7A66-7CCF-E7AB-7F6264FB9479}.Release|Any CPU.ActiveCfg = Release|Any CPU
		{2343EED5-7A66-7CCF-E7AB-7F6264FB9479}.Release|Any CPU.Build.0 = Release|Any CPU
		{3DE96CD8-1945-FDEB-A19A-C011B6146BD6}.Debug|Any CPU.ActiveCfg = Debug|Any CPU
		{3DE96CD8-1945-FDEB-A19A-C011B6146BD6}.Debug|Any CPU.Build.0 = Debug|Any CPU
		{3DE96CD8-1945-FDEB-A19A-C011B6146BD6}.Release|Any CPU.ActiveCfg = Release|Any CPU
		{3DE96CD8-1945-FDEB-A19A-C011B6146BD6}.Release|Any CPU.Build.0 = Release|Any CPU
		{83921FD6-D4EF-51AB-1CD0-F1A62D464C36}.Debug|Any CPU.ActiveCfg = Debug|Any CPU
		{83921FD6-D4EF-51AB-1CD0-F1A62D464C36}.Debug|Any CPU.Build.0 = Debug|Any CPU
		{83921FD6-D4EF-51AB-1CD0-F1A62D464C36}.Release|Any CPU.ActiveCfg = Release|Any CPU
		{83921FD6-D4EF-51AB-1CD0-F1A62D464C36}.Release|Any CPU.Build.0 = Release|Any CPU
		{DFFC380A-F014-C6B5-680B-8C54BBDBEA3A}.Debug|Any CPU.ActiveCfg = Debug|Any CPU
		{DFFC380A-F014-C6B5-680B-8C54BBDBEA3A}.Debug|Any CPU.Build.0 = Debug|Any CPU
		{DFFC380A-F014-C6B5-680B-8C54BBDBEA3A}.Release|Any CPU.ActiveCfg = Release|Any CPU
		{DFFC380A-F014-C6B5-680B-8C54BBDBEA3A}.Release|Any CPU.Build.0 = Release|Any CPU
		{80BB1195-B74E-04D5-56EF-1EE9CD09A5A6}.Debug|Any CPU.ActiveCfg = Debug|Any CPU
		{80BB1195-B74E-04D5-56EF-1EE9CD09A5A6}.Debug|Any CPU.Build.0 = Debug|Any CPU
		{80BB1195-B74E-04D5-56EF-1EE9CD09A5A6}.Release|Any CPU.ActiveCfg = Release|Any CPU
		{80BB1195-B74E-04D5-56EF-1EE9CD09A5A6}.Release|Any CPU.Build.0 = Release|Any CPU
		{CAD806DB-4E83-82E3-EB07-088CC039EB52}.Debug|Any CPU.ActiveCfg = Debug|Any CPU
		{CAD806DB-4E83-82E3-EB07-088CC039EB52}.Debug|Any CPU.Build.0 = Debug|Any CPU
		{CAD806DB-4E83-82E3-EB07-088CC039EB52}.Release|Any CPU.ActiveCfg = Release|Any CPU
		{CAD806DB-4E83-82E3-EB07-088CC039EB52}.Release|Any CPU.Build.0 = Release|Any CPU
		{3B6B1A95-9295-7EC0-554C-122B302BA61C}.Debug|Any CPU.ActiveCfg = Debug|Any CPU
		{3B6B1A95-9295-7EC0-554C-122B302BA61C}.Debug|Any CPU.Build.0 = Debug|Any CPU
		{3B6B1A95-9295-7EC0-554C-122B302BA61C}.Release|Any CPU.ActiveCfg = Release|Any CPU
		{3B6B1A95-9295-7EC0-554C-122B302BA61C}.Release|Any CPU.Build.0 = Release|Any CPU
		{CDEB77F3-B9FF-DC60-FF91-CBFD177766BD}.Debug|Any CPU.ActiveCfg = Debug|Any CPU
		{CDEB77F3-B9FF-DC60-FF91-CBFD177766BD}.Debug|Any CPU.Build.0 = Debug|Any CPU
		{CDEB77F3-B9FF-DC60-FF91-CBFD177766BD}.Release|Any CPU.ActiveCfg = Release|Any CPU
		{CDEB77F3-B9FF-DC60-FF91-CBFD177766BD}.Release|Any CPU.Build.0 = Release|Any CPU
		{AF3B8E6C-F11E-FC0C-587D-C30D15DAFA43}.Debug|Any CPU.ActiveCfg = Debug|Any CPU
		{AF3B8E6C-F11E-FC0C-587D-C30D15DAFA43}.Debug|Any CPU.Build.0 = Debug|Any CPU
		{AF3B8E6C-F11E-FC0C-587D-C30D15DAFA43}.Release|Any CPU.ActiveCfg = Release|Any CPU
		{AF3B8E6C-F11E-FC0C-587D-C30D15DAFA43}.Release|Any CPU.Build.0 = Release|Any CPU
		{93D90386-FA9B-AFD5-B470-C57104F0F332}.Debug|Any CPU.ActiveCfg = Debug|Any CPU
		{93D90386-FA9B-AFD5-B470-C57104F0F332}.Debug|Any CPU.Build.0 = Debug|Any CPU
		{93D90386-FA9B-AFD5-B470-C57104F0F332}.Release|Any CPU.ActiveCfg = Release|Any CPU
		{93D90386-FA9B-AFD5-B470-C57104F0F332}.Release|Any CPU.Build.0 = Release|Any CPU
		{51B96885-6DA4-2A1A-28E0-E2FDDA8F19AF}.Debug|Any CPU.ActiveCfg = Debug|Any CPU
		{51B96885-6DA4-2A1A-28E0-E2FDDA8F19AF}.Debug|Any CPU.Build.0 = Debug|Any CPU
		{51B96885-6DA4-2A1A-28E0-E2FDDA8F19AF}.Release|Any CPU.ActiveCfg = Release|Any CPU
		{51B96885-6DA4-2A1A-28E0-E2FDDA8F19AF}.Release|Any CPU.Build.0 = Release|Any CPU
		{C135D609-F003-C919-AD07-BB7DCA5FEF5F}.Debug|Any CPU.ActiveCfg = Debug|Any CPU
		{C135D609-F003-C919-AD07-BB7DCA5FEF5F}.Debug|Any CPU.Build.0 = Debug|Any CPU
		{C135D609-F003-C919-AD07-BB7DCA5FEF5F}.Release|Any CPU.ActiveCfg = Release|Any CPU
		{C135D609-F003-C919-AD07-BB7DCA5FEF5F}.Release|Any CPU.Build.0 = Release|Any CPU
		{B440343A-B58D-8C45-F13D-16A996592B19}.Debug|Any CPU.ActiveCfg = Debug|Any CPU
		{B440343A-B58D-8C45-F13D-16A996592B19}.Debug|Any CPU.Build.0 = Debug|Any CPU
		{B440343A-B58D-8C45-F13D-16A996592B19}.Release|Any CPU.ActiveCfg = Release|Any CPU
		{B440343A-B58D-8C45-F13D-16A996592B19}.Release|Any CPU.Build.0 = Release|Any CPU
		{FADC5FCF-7DFC-77DE-6AD3-67F104B0FDAE}.Debug|Any CPU.ActiveCfg = Debug|Any CPU
		{FADC5FCF-7DFC-77DE-6AD3-67F104B0FDAE}.Debug|Any CPU.Build.0 = Debug|Any CPU
		{FADC5FCF-7DFC-77DE-6AD3-67F104B0FDAE}.Release|Any CPU.ActiveCfg = Release|Any CPU
		{FADC5FCF-7DFC-77DE-6AD3-67F104B0FDAE}.Release|Any CPU.Build.0 = Release|Any CPU
		{86ACFED5-A52F-E089-7A47-5DCD0EEDF7F5}.Debug|Any CPU.ActiveCfg = Debug|Any CPU
		{86ACFED5-A52F-E089-7A47-5DCD0EEDF7F5}.Debug|Any CPU.Build.0 = Debug|Any CPU
		{86ACFED5-A52F-E089-7A47-5DCD0EEDF7F5}.Release|Any CPU.ActiveCfg = Release|Any CPU
		{86ACFED5-A52F-E089-7A47-5DCD0EEDF7F5}.Release|Any CPU.Build.0 = Release|Any CPU
		{D04AB5A4-868C-78F8-B765-78E3DB94A247}.Debug|Any CPU.ActiveCfg = Debug|Any CPU
		{D04AB5A4-868C-78F8-B765-78E3DB94A247}.Debug|Any CPU.Build.0 = Debug|Any CPU
		{D04AB5A4-868C-78F8-B765-78E3DB94A247}.Release|Any CPU.ActiveCfg = Release|Any CPU
		{D04AB5A4-868C-78F8-B765-78E3DB94A247}.Release|Any CPU.Build.0 = Release|Any CPU
		{99A147A3-91A6-4386-6C8B-1C3FBA372683}.Debug|Any CPU.ActiveCfg = Debug|Any CPU
		{99A147A3-91A6-4386-6C8B-1C3FBA372683}.Debug|Any CPU.Build.0 = Debug|Any CPU
		{99A147A3-91A6-4386-6C8B-1C3FBA372683}.Release|Any CPU.ActiveCfg = Release|Any CPU
		{99A147A3-91A6-4386-6C8B-1C3FBA372683}.Release|Any CPU.Build.0 = Release|Any CPU
		{176D7FEB-D567-1838-6403-78265F368F51}.Debug|Any CPU.ActiveCfg = Debug|Any CPU
		{176D7FEB-D567-1838-6403-78265F368F51}.Debug|Any CPU.Build.0 = Debug|Any CPU
		{176D7FEB-D567-1838-6403-78265F368F51}.Release|Any CPU.ActiveCfg = Release|Any CPU
		{176D7FEB-D567-1838-6403-78265F368F51}.Release|Any CPU.Build.0 = Release|Any CPU
		{0376D0F1-F783-EB44-3F09-49A58437E3DA}.Debug|Any CPU.ActiveCfg = Debug|Any CPU
		{0376D0F1-F783-EB44-3F09-49A58437E3DA}.Debug|Any CPU.Build.0 = Debug|Any CPU
		{0376D0F1-F783-EB44-3F09-49A58437E3DA}.Release|Any CPU.ActiveCfg = Release|Any CPU
		{0376D0F1-F783-EB44-3F09-49A58437E3DA}.Release|Any CPU.Build.0 = Release|Any CPU
		{4795D622-6AC5-F291-3489-5FC38CBF764D}.Debug|Any CPU.ActiveCfg = Debug|Any CPU
		{4795D622-6AC5-F291-3489-5FC38CBF764D}.Debug|Any CPU.Build.0 = Debug|Any CPU
		{4795D622-6AC5-F291-3489-5FC38CBF764D}.Release|Any CPU.ActiveCfg = Release|Any CPU
		{4795D622-6AC5-F291-3489-5FC38CBF764D}.Release|Any CPU.Build.0 = Release|Any CPU
		{5EFB8174-7A6E-A717-1BC9-EA2F50B3E920}.Debug|Any CPU.ActiveCfg = Debug|Any CPU
		{5EFB8174-7A6E-A717-1BC9-EA2F50B3E920}.Debug|Any CPU.Build.0 = Debug|Any CPU
		{5EFB8174-7A6E-A717-1BC9-EA2F50B3E920}.Release|Any CPU.ActiveCfg = Release|Any CPU
		{5EFB8174-7A6E-A717-1BC9-EA2F50B3E920}.Release|Any CPU.Build.0 = Release|Any CPU
		{06C485AC-DF27-1483-AF72-1DBCE7F45A13}.Debug|Any CPU.ActiveCfg = Debug|Any CPU
		{06C485AC-DF27-1483-AF72-1DBCE7F45A13}.Debug|Any CPU.Build.0 = Debug|Any CPU
		{06C485AC-DF27-1483-AF72-1DBCE7F45A13}.Release|Any CPU.ActiveCfg = Release|Any CPU
		{06C485AC-DF27-1483-AF72-1DBCE7F45A13}.Release|Any CPU.Build.0 = Release|Any CPU
		{A3362BAC-8F8E-7A1A-8C11-6763A8A66A4F}.Debug|Any CPU.ActiveCfg = Debug|Any CPU
		{A3362BAC-8F8E-7A1A-8C11-6763A8A66A4F}.Debug|Any CPU.Build.0 = Debug|Any CPU
		{A3362BAC-8F8E-7A1A-8C11-6763A8A66A4F}.Release|Any CPU.ActiveCfg = Release|Any CPU
		{A3362BAC-8F8E-7A1A-8C11-6763A8A66A4F}.Release|Any CPU.Build.0 = Release|Any CPU
		{705EEB3F-BCCE-C5EF-88D8-C879CABACF95}.Debug|Any CPU.ActiveCfg = Debug|Any CPU
		{705EEB3F-BCCE-C5EF-88D8-C879CABACF95}.Debug|Any CPU.Build.0 = Debug|Any CPU
		{705EEB3F-BCCE-C5EF-88D8-C879CABACF95}.Release|Any CPU.ActiveCfg = Release|Any CPU
		{705EEB3F-BCCE-C5EF-88D8-C879CABACF95}.Release|Any CPU.Build.0 = Release|Any CPU
		{8DC721E8-4092-6712-F833-693DDBE9678C}.Debug|Any CPU.ActiveCfg = Debug|Any CPU
		{8DC721E8-4092-6712-F833-693DDBE9678C}.Debug|Any CPU.Build.0 = Debug|Any CPU
		{8DC721E8-4092-6712-F833-693DDBE9678C}.Release|Any CPU.ActiveCfg = Release|Any CPU
		{8DC721E8-4092-6712-F833-693DDBE9678C}.Release|Any CPU.Build.0 = Release|Any CPU
		{3F3C478D-1FEC-370A-32C3-979DC1023028}.Debug|Any CPU.ActiveCfg = Debug|Any CPU
		{3F3C478D-1FEC-370A-32C3-979DC1023028}.Debug|Any CPU.Build.0 = Debug|Any CPU
		{3F3C478D-1FEC-370A-32C3-979DC1023028}.Release|Any CPU.ActiveCfg = Release|Any CPU
		{3F3C478D-1FEC-370A-32C3-979DC1023028}.Release|Any CPU.Build.0 = Release|Any CPU
		{A779EEC5-3437-3235-5E7B-B20D80F1169B}.Debug|Any CPU.ActiveCfg = Debug|Any CPU
		{A779EEC5-3437-3235-5E7B-B20D80F1169B}.Debug|Any CPU.Build.0 = Debug|Any CPU
		{A779EEC5-3437-3235-5E7B-B20D80F1169B}.Release|Any CPU.ActiveCfg = Release|Any CPU
		{A779EEC5-3437-3235-5E7B-B20D80F1169B}.Release|Any CPU.Build.0 = Release|Any CPU
		{6628AC82-D46E-7ABA-6D45-23B8AD045ADF}.Debug|Any CPU.ActiveCfg = Debug|Any CPU
		{6628AC82-D46E-7ABA-6D45-23B8AD045ADF}.Debug|Any CPU.Build.0 = Debug|Any CPU
		{6628AC82-D46E-7ABA-6D45-23B8AD045ADF}.Release|Any CPU.ActiveCfg = Release|Any CPU
		{6628AC82-D46E-7ABA-6D45-23B8AD045ADF}.Release|Any CPU.Build.0 = Release|Any CPU
		{C436AE45-AFCF-5A37-A0A4-7A00B6910204}.Debug|Any CPU.ActiveCfg = Debug|Any CPU
		{C436AE45-AFCF-5A37-A0A4-7A00B6910204}.Debug|Any CPU.Build.0 = Debug|Any CPU
		{C436AE45-AFCF-5A37-A0A4-7A00B6910204}.Release|Any CPU.ActiveCfg = Release|Any CPU
		{C436AE45-AFCF-5A37-A0A4-7A00B6910204}.Release|Any CPU.Build.0 = Release|Any CPU
		{4C4B75AD-8B78-48E5-4493-5AC1FF29E261}.Debug|Any CPU.ActiveCfg = Debug|Any CPU
		{4C4B75AD-8B78-48E5-4493-5AC1FF29E261}.Debug|Any CPU.Build.0 = Debug|Any CPU
		{4C4B75AD-8B78-48E5-4493-5AC1FF29E261}.Release|Any CPU.ActiveCfg = Release|Any CPU
		{4C4B75AD-8B78-48E5-4493-5AC1FF29E261}.Release|Any CPU.Build.0 = Release|Any CPU
		{C4C6C0BA-9CB6-CDC2-D7F7-C81DBFE974E3}.Debug|Any CPU.ActiveCfg = Debug|Any CPU
		{C4C6C0BA-9CB6-CDC2-D7F7-C81DBFE974E3}.Debug|Any CPU.Build.0 = Debug|Any CPU
		{C4C6C0BA-9CB6-CDC2-D7F7-C81DBFE974E3}.Release|Any CPU.ActiveCfg = Release|Any CPU
		{C4C6C0BA-9CB6-CDC2-D7F7-C81DBFE974E3}.Release|Any CPU.Build.0 = Release|Any CPU
		{E923308B-CB41-0210-C113-F41EB6AB89F8}.Debug|Any CPU.ActiveCfg = Debug|Any CPU
		{E923308B-CB41-0210-C113-F41EB6AB89F8}.Debug|Any CPU.Build.0 = Debug|Any CPU
		{E923308B-CB41-0210-C113-F41EB6AB89F8}.Release|Any CPU.ActiveCfg = Release|Any CPU
		{E923308B-CB41-0210-C113-F41EB6AB89F8}.Release|Any CPU.Build.0 = Release|Any CPU
		{9B227E66-2035-600D-EB10-2070091B8AC1}.Debug|Any CPU.ActiveCfg = Debug|Any CPU
		{9B227E66-2035-600D-EB10-2070091B8AC1}.Debug|Any CPU.Build.0 = Debug|Any CPU
		{9B227E66-2035-600D-EB10-2070091B8AC1}.Release|Any CPU.ActiveCfg = Release|Any CPU
		{9B227E66-2035-600D-EB10-2070091B8AC1}.Release|Any CPU.Build.0 = Release|Any CPU
		{45B87E3B-E6DB-91E7-8400-8284B366B437}.Debug|Any CPU.ActiveCfg = Debug|Any CPU
		{45B87E3B-E6DB-91E7-8400-8284B366B437}.Debug|Any CPU.Build.0 = Debug|Any CPU
		{45B87E3B-E6DB-91E7-8400-8284B366B437}.Release|Any CPU.ActiveCfg = Release|Any CPU
		{45B87E3B-E6DB-91E7-8400-8284B366B437}.Release|Any CPU.Build.0 = Release|Any CPU
		{6DE0092A-2389-9C04-4B93-E93C33F268FA}.Debug|Any CPU.ActiveCfg = Debug|Any CPU
		{6DE0092A-2389-9C04-4B93-E93C33F268FA}.Debug|Any CPU.Build.0 = Debug|Any CPU
		{6DE0092A-2389-9C04-4B93-E93C33F268FA}.Release|Any CPU.ActiveCfg = Release|Any CPU
		{6DE0092A-2389-9C04-4B93-E93C33F268FA}.Release|Any CPU.Build.0 = Release|Any CPU
		{68C787B3-3DDA-33AE-7504-711F39C5F279}.Debug|Any CPU.ActiveCfg = Debug|Any CPU
		{68C787B3-3DDA-33AE-7504-711F39C5F279}.Debug|Any CPU.Build.0 = Debug|Any CPU
		{68C787B3-3DDA-33AE-7504-711F39C5F279}.Release|Any CPU.ActiveCfg = Release|Any CPU
		{68C787B3-3DDA-33AE-7504-711F39C5F279}.Release|Any CPU.Build.0 = Release|Any CPU
		{B8C54AA9-4342-F81C-240F-D84FA0C5D5EB}.Debug|Any CPU.ActiveCfg = Debug|Any CPU
		{B8C54AA9-4342-F81C-240F-D84FA0C5D5EB}.Debug|Any CPU.Build.0 = Debug|Any CPU
		{B8C54AA9-4342-F81C-240F-D84FA0C5D5EB}.Release|Any CPU.ActiveCfg = Release|Any CPU
		{B8C54AA9-4342-F81C-240F-D84FA0C5D5EB}.Release|Any CPU.Build.0 = Release|Any CPU
		{DA3E2A1A-8197-7F53-3AC6-77D4EAA5ED93}.Debug|Any CPU.ActiveCfg = Debug|Any CPU
		{DA3E2A1A-8197-7F53-3AC6-77D4EAA5ED93}.Debug|Any CPU.Build.0 = Debug|Any CPU
		{DA3E2A1A-8197-7F53-3AC6-77D4EAA5ED93}.Release|Any CPU.ActiveCfg = Release|Any CPU
		{DA3E2A1A-8197-7F53-3AC6-77D4EAA5ED93}.Release|Any CPU.Build.0 = Release|Any CPU
		{D20FB42B-8C2A-1B55-8C3B-E76541C5E01D}.Debug|Any CPU.ActiveCfg = Debug|Any CPU
		{D20FB42B-8C2A-1B55-8C3B-E76541C5E01D}.Debug|Any CPU.Build.0 = Debug|Any CPU
		{D20FB42B-8C2A-1B55-8C3B-E76541C5E01D}.Release|Any CPU.ActiveCfg = Release|Any CPU
		{D20FB42B-8C2A-1B55-8C3B-E76541C5E01D}.Release|Any CPU.Build.0 = Release|Any CPU
		{C88E7E0E-F101-FCC8-FFFF-C7B3170B440D}.Debug|Any CPU.ActiveCfg = Debug|Any CPU
		{C88E7E0E-F101-FCC8-FFFF-C7B3170B440D}.Debug|Any CPU.Build.0 = Debug|Any CPU
		{C88E7E0E-F101-FCC8-FFFF-C7B3170B440D}.Release|Any CPU.ActiveCfg = Release|Any CPU
		{C88E7E0E-F101-FCC8-FFFF-C7B3170B440D}.Release|Any CPU.Build.0 = Release|Any CPU
	EndGlobalSection
	GlobalSection(SolutionProperties) = preSolution
		HideSolutionNode = FALSE
	EndGlobalSection
	GlobalSection(ExtensibilityGlobals) = postSolution
		SolutionGuid = {45796DCF-3741-4F58-87EA-865D0543308A}
	EndGlobalSection
EndGlobal
